
Microsoft Visual Studio Solution File, Format Version 12.00
# Visual Studio Version 17
VisualStudioVersion = 17.8.34316.72
MinimumVisualStudioVersion = 10.0.40219.1
Project("{FAE04EC0-301F-11D3-BF4B-00C04F79EFBC}") = "pizza", "pizza.csproj", "{3FD303F9-8E90-4658-83A6-77BE41306DAA}"
EndProject
Global
	GlobalSection(SolutionConfigurationPlatforms) = preSolution
		Debug|Any CPU = Debug|Any CPU
		Release|Any CPU = Release|Any CPU
	EndGlobalSection
	GlobalSection(ProjectConfigurationPlatforms) = postSolution
		{3FD303F9-8E90-4658-83A6-77BE41306DAA}.Debug|Any CPU.ActiveCfg = Debug|Any CPU
		{3FD303F9-8E90-4658-83A6-77BE41306DAA}.Debug|Any CPU.Build.0 = Debug|Any CPU
		{3FD303F9-8E90-4658-83A6-77BE41306DAA}.Release|Any CPU.ActiveCfg = Release|Any CPU
		{3FD303F9-8E90-4658-83A6-77BE41306DAA}.Release|Any CPU.Build.0 = Release|Any CPU
	EndGlobalSection
	GlobalSection(SolutionProperties) = preSolution
		HideSolutionNode = FALSE
	EndGlobalSection
	GlobalSection(ExtensibilityGlobals) = postSolution
		SolutionGuid = {54997E98-277A-49A7-91E2-D5B2B00925F2}
	EndGlobalSection
EndGlobal
